// !$*UTF8*$!
{
	archiveVersion = 1;
	classes = {
	};
	objectVersion = 52;
	objects = {

/* Begin PBXBuildFile section */
		2723F34F263E913000AD303E /* Tool.swift in Sources */ = {isa = PBXBuildFile; fileRef = 2723F34E263E913000AD303E /* Tool.swift */; };
		2723F351263E914E00AD303E /* Lion.swift in Sources */ = {isa = PBXBuildFile; fileRef = 2723F350263E914E00AD303E /* Lion.swift */; };
		274B32F3263E376A00E077C6 /* SwiftyGif in Frameworks */ = {isa = PBXBuildFile; productRef = 274B32F2263E376A00E077C6 /* SwiftyGif */; };
		274B32F5263E391100E077C6 /* GIFImage.swift in Sources */ = {isa = PBXBuildFile; fileRef = 274B32F4263E391100E077C6 /* GIFImage.swift */; };
		274B32FA263E3D8D00E077C6 /* DIYScene.swift in Sources */ = {isa = PBXBuildFile; fileRef = 274B32F9263E3D8D00E077C6 /* DIYScene.swift */; };
		274B32FE263E460200E077C6 /* ActionScene.swift in Sources */ = {isa = PBXBuildFile; fileRef = 274B32FD263E460200E077C6 /* ActionScene.swift */; };
		274B3300263E463200E077C6 /* Action.swift in Sources */ = {isa = PBXBuildFile; fileRef = 274B32FF263E463200E077C6 /* Action.swift */; };
		274B3302263E468D00E077C6 /* ActionView.swift in Sources */ = {isa = PBXBuildFile; fileRef = 274B3301263E468D00E077C6 /* ActionView.swift */; };
		2795D4992639388E00DB2350 /* DotSlider.swift in Sources */ = {isa = PBXBuildFile; fileRef = 2795D4982639388E00DB2350 /* DotSlider.swift */; };
		2795D4B626394F4C00DB2350 /* EmoticonScene.swift in Sources */ = {isa = PBXBuildFile; fileRef = 2795D4B526394F4C00DB2350 /* EmoticonScene.swift */; };
		27A00DB4262F1776001FF431 /* DragonDancingApp.swift in Sources */ = {isa = PBXBuildFile; fileRef = 27A00DB3262F1776001FF431 /* DragonDancingApp.swift */; };
		27A00DB6262F1776001FF431 /* ContentView.swift in Sources */ = {isa = PBXBuildFile; fileRef = 27A00DB5262F1776001FF431 /* ContentView.swift */; };
		27A00DB8262F1776001FF431 /* Assets.xcassets in Resources */ = {isa = PBXBuildFile; fileRef = 27A00DB7262F1776001FF431 /* Assets.xcassets */; };
		27A00DBB262F1776001FF431 /* Preview Assets.xcassets in Resources */ = {isa = PBXBuildFile; fileRef = 27A00DBA262F1776001FF431 /* Preview Assets.xcassets */; };
		27A7EBB7262F2A550045FDAD /* HomeScene.swift in Sources */ = {isa = PBXBuildFile; fileRef = 27A7EBB6262F2A550045FDAD /* HomeScene.swift */; };
		27A9981626404DEA0067D4F1 /* ActionTab.swift in Sources */ = {isa = PBXBuildFile; fileRef = 27A9981526404DEA0067D4F1 /* ActionTab.swift */; };
		27BA229926463080007A2B9C /* OrganTab.swift in Sources */ = {isa = PBXBuildFile; fileRef = 27BA229826463080007A2B9C /* OrganTab.swift */; };
		27BA229B26463091007A2B9C /* SealTab.swift in Sources */ = {isa = PBXBuildFile; fileRef = 27BA229A26463091007A2B9C /* SealTab.swift */; };
		27BA229F26463461007A2B9C /* OrgansColorView.swift in Sources */ = {isa = PBXBuildFile; fileRef = 27BA229E26463461007A2B9C /* OrgansColorView.swift */; };
		27CB558B26437928009658DE /* CultureScene.swift in Sources */ = {isa = PBXBuildFile; fileRef = 27CB558A26437928009658DE /* CultureScene.swift */; };
		27CB558D26437937009658DE /* CultureMenu.swift in Sources */ = {isa = PBXBuildFile; fileRef = 27CB558C26437937009658DE /* CultureMenu.swift */; };
		27CB558F26437987009658DE /* SealScene.swift in Sources */ = {isa = PBXBuildFile; fileRef = 27CB558E26437987009658DE /* SealScene.swift */; };
		27CB5591264379E1009658DE /* SealMenu.swift in Sources */ = {isa = PBXBuildFile; fileRef = 27CB5590264379E1009658DE /* SealMenu.swift */; };
		27CB559326437F0F009658DE /* Culture.swift in Sources */ = {isa = PBXBuildFile; fileRef = 27CB559226437F0F009658DE /* Culture.swift */; };
		27CB559526437F18009658DE /* CultureView.swift in Sources */ = {isa = PBXBuildFile; fileRef = 27CB559426437F18009658DE /* CultureView.swift */; };
		27DDCFDB263D51B9008E36A2 /* Emoticon.swift in Sources */ = {isa = PBXBuildFile; fileRef = 27DDCFDA263D51B9008E36A2 /* Emoticon.swift */; };
		27DDCFDE263D5299008E36A2 /* EmoticonView.swift in Sources */ = {isa = PBXBuildFile; fileRef = 27DDCFDD263D5299008E36A2 /* EmoticonView.swift */; };
		27DDCFE2263D841F008E36A2 /* snapshot.swift in Sources */ = {isa = PBXBuildFile; fileRef = 27DDCFE1263D841F008E36A2 /* snapshot.swift */; };
		27E5BCDC263FEA13004C6C64 /* ExhibitionTab.swift in Sources */ = {isa = PBXBuildFile; fileRef = 27E5BCD6263FEA13004C6C64 /* ExhibitionTab.swift */; };
		27E5BCDD263FEA13004C6C64 /* ExhibitionView.swift in Sources */ = {isa = PBXBuildFile; fileRef = 27E5BCD8263FEA13004C6C64 /* ExhibitionView.swift */; };
		27E5BCDE263FEA13004C6C64 /* ExhibitionDetailView.swift in Sources */ = {isa = PBXBuildFile; fileRef = 27E5BCD9263FEA13004C6C64 /* ExhibitionDetailView.swift */; };
		27E5BCDF263FEA13004C6C64 /* ExhibitionScene.swift in Sources */ = {isa = PBXBuildFile; fileRef = 27E5BCDA263FEA13004C6C64 /* ExhibitionScene.swift */; };
		27E5BCE0263FEA13004C6C64 /* ExhibitionMenu.swift in Sources */ = {isa = PBXBuildFile; fileRef = 27E5BCDB263FEA13004C6C64 /* ExhibitionMenu.swift */; };
		27E5BCE4263FEA7C004C6C64 /* ExhibitionWorld.swift in Sources */ = {isa = PBXBuildFile; fileRef = 27E5BCE3263FEA7C004C6C64 /* ExhibitionWorld.swift */; };
		27E5BCE6263FEF76004C6C64 /* ExhibitionDetailMenu.swift in Sources */ = {isa = PBXBuildFile; fileRef = 27E5BCE5263FEF76004C6C64 /* ExhibitionDetailMenu.swift */; };
		27E5BCEC2640082A004C6C64 /* EmoticonWorld.swift in Sources */ = {isa = PBXBuildFile; fileRef = 27E5BCEB2640082A004C6C64 /* EmoticonWorld.swift */; };
		27E5BCEE26400AEF004C6C64 /* EmoticonDetailView.swift in Sources */ = {isa = PBXBuildFile; fileRef = 27E5BCED26400AEF004C6C64 /* EmoticonDetailView.swift */; };
		27E5BCF026400BD6004C6C64 /* EmoticonTab.swift in Sources */ = {isa = PBXBuildFile; fileRef = 27E5BCEF26400BD6004C6C64 /* EmoticonTab.swift */; };
		27E5BCF226400DD3004C6C64 /* CustomScale.swift in Sources */ = {isa = PBXBuildFile; fileRef = 27E5BCF126400DD3004C6C64 /* CustomScale.swift */; };
		27E5BCF926402D13004C6C64 /* 跳高台.gif in Resources */ = {isa = PBXBuildFile; fileRef = 27E5BCF826402D13004C6C64 /* 跳高台.gif */; };
		27E5BCFB26402D1D004C6C64 /* 玩绣球.gif in Resources */ = {isa = PBXBuildFile; fileRef = 27E5BCFA26402D1D004C6C64 /* 玩绣球.gif */; };
		27E5BCFD26402D28004C6C64 /* 梅花桩.gif in Resources */ = {isa = PBXBuildFile; fileRef = 27E5BCFC26402D28004C6C64 /* 梅花桩.gif */; };
		27E5BCFF26402D32004C6C64 /* 踩大球.gif in Resources */ = {isa = PBXBuildFile; fileRef = 27E5BCFE26402D32004C6C64 /* 踩大球.gif */; };
		27E5BD0126402D3B004C6C64 /* 踩高桌.gif in Resources */ = {isa = PBXBuildFile; fileRef = 27E5BD0026402D3B004C6C64 /* 踩高桌.gif */; };
		27E5BD042640306D004C6C64 /* NavigationMenu.swift in Sources */ = {isa = PBXBuildFile; fileRef = 27E5BD032640306D004C6C64 /* NavigationMenu.swift */; };
		27E5BD0626403225004C6C64 /* NavigationWorld.swift in Sources */ = {isa = PBXBuildFile; fileRef = 27E5BD0526403225004C6C64 /* NavigationWorld.swift */; };
		27E92462263F92C900ADBB81 /* Exhibition.swift in Sources */ = {isa = PBXBuildFile; fileRef = 27E92461263F92C900ADBB81 /* Exhibition.swift */; };
		27F4E0CA26423C8500BB0380 /* Organ.swift in Sources */ = {isa = PBXBuildFile; fileRef = 27F4E0C926423C8500BB0380 /* Organ.swift */; };
		27F4E0CC2642423400BB0380 /* DIYMenu.swift in Sources */ = {isa = PBXBuildFile; fileRef = 27F4E0CB2642423400BB0380 /* DIYMenu.swift */; };
		27F4E0CE26424ADD00BB0380 /* DIYWorld.swift in Sources */ = {isa = PBXBuildFile; fileRef = 27F4E0CD26424ADD00BB0380 /* DIYWorld.swift */; };
		27F4E0D126427C3E00BB0380 /* OrgansView.swift in Sources */ = {isa = PBXBuildFile; fileRef = 27F4E0D026427C3E00BB0380 /* OrgansView.swift */; };
		27F4E0D326428C8B00BB0380 /* ShareView.swift in Sources */ = {isa = PBXBuildFile; fileRef = 27F4E0D226428C8B00BB0380 /* ShareView.swift */; };
		27FA479E2638F4370041E79A /* Instrument.swift in Sources */ = {isa = PBXBuildFile; fileRef = 27FA479D2638F4370041E79A /* Instrument.swift */; };
		27FA47A32639060C0041E79A /* VerticalText.swift in Sources */ = {isa = PBXBuildFile; fileRef = 27FA47A22639060C0041E79A /* VerticalText.swift */; };
		27FA47A526390AC50041E79A /* Colors.swift in Sources */ = {isa = PBXBuildFile; fileRef = 27FA47A426390AC50041E79A /* Colors.swift */; };
/* End PBXBuildFile section */

/* Begin PBXFileReference section */
		2723F34E263E913000AD303E /* Tool.swift */ = {isa = PBXFileReference; lastKnownFileType = sourcecode.swift; path = Tool.swift; sourceTree = "<group>"; };
		2723F350263E914E00AD303E /* Lion.swift */ = {isa = PBXFileReference; lastKnownFileType = sourcecode.swift; path = Lion.swift; sourceTree = "<group>"; };
		274B32F4263E391100E077C6 /* GIFImage.swift */ = {isa = PBXFileReference; lastKnownFileType = sourcecode.swift; path = GIFImage.swift; sourceTree = "<group>"; };
		274B32F9263E3D8D00E077C6 /* DIYScene.swift */ = {isa = PBXFileReference; lastKnownFileType = sourcecode.swift; path = DIYScene.swift; sourceTree = "<group>"; };
		274B32FD263E460200E077C6 /* ActionScene.swift */ = {isa = PBXFileReference; lastKnownFileType = sourcecode.swift; path = ActionScene.swift; sourceTree = "<group>"; };
		274B32FF263E463200E077C6 /* Action.swift */ = {isa = PBXFileReference; lastKnownFileType = sourcecode.swift; path = Action.swift; sourceTree = "<group>"; };
		274B3301263E468D00E077C6 /* ActionView.swift */ = {isa = PBXFileReference; lastKnownFileType = sourcecode.swift; path = ActionView.swift; sourceTree = "<group>"; };
		2795D4982639388E00DB2350 /* DotSlider.swift */ = {isa = PBXFileReference; lastKnownFileType = sourcecode.swift; path = DotSlider.swift; sourceTree = "<group>"; };
		2795D4B526394F4C00DB2350 /* EmoticonScene.swift */ = {isa = PBXFileReference; lastKnownFileType = sourcecode.swift; path = EmoticonScene.swift; sourceTree = "<group>"; };
		27A00DB0262F1776001FF431 /* DragonDancing.app */ = {isa = PBXFileReference; explicitFileType = wrapper.application; includeInIndex = 0; path = DragonDancing.app; sourceTree = BUILT_PRODUCTS_DIR; };
		27A00DB3262F1776001FF431 /* DragonDancingApp.swift */ = {isa = PBXFileReference; lastKnownFileType = sourcecode.swift; path = DragonDancingApp.swift; sourceTree = "<group>"; };
		27A00DB5262F1776001FF431 /* ContentView.swift */ = {isa = PBXFileReference; lastKnownFileType = sourcecode.swift; path = ContentView.swift; sourceTree = "<group>"; };
		27A00DB7262F1776001FF431 /* Assets.xcassets */ = {isa = PBXFileReference; lastKnownFileType = folder.assetcatalog; path = Assets.xcassets; sourceTree = "<group>"; };
		27A00DBA262F1776001FF431 /* Preview Assets.xcassets */ = {isa = PBXFileReference; lastKnownFileType = folder.assetcatalog; path = "Preview Assets.xcassets"; sourceTree = "<group>"; };
		27A00DBC262F1776001FF431 /* Info.plist */ = {isa = PBXFileReference; lastKnownFileType = text.plist.xml; path = Info.plist; sourceTree = "<group>"; };
		27A7EBB6262F2A550045FDAD /* HomeScene.swift */ = {isa = PBXFileReference; lastKnownFileType = sourcecode.swift; path = HomeScene.swift; sourceTree = "<group>"; };
		27A9981526404DEA0067D4F1 /* ActionTab.swift */ = {isa = PBXFileReference; lastKnownFileType = sourcecode.swift; path = ActionTab.swift; sourceTree = "<group>"; };
		27BA229826463080007A2B9C /* OrganTab.swift */ = {isa = PBXFileReference; lastKnownFileType = sourcecode.swift; path = OrganTab.swift; sourceTree = "<group>"; };
		27BA229A26463091007A2B9C /* SealTab.swift */ = {isa = PBXFileReference; lastKnownFileType = sourcecode.swift; path = SealTab.swift; sourceTree = "<group>"; };
		27BA229E26463461007A2B9C /* OrgansColorView.swift */ = {isa = PBXFileReference; lastKnownFileType = sourcecode.swift; path = OrgansColorView.swift; sourceTree = "<group>"; };
		27CB558A26437928009658DE /* CultureScene.swift */ = {isa = PBXFileReference; lastKnownFileType = sourcecode.swift; path = CultureScene.swift; sourceTree = "<group>"; };
		27CB558C26437937009658DE /* CultureMenu.swift */ = {isa = PBXFileReference; lastKnownFileType = sourcecode.swift; path = CultureMenu.swift; sourceTree = "<group>"; };
		27CB558E26437987009658DE /* SealScene.swift */ = {isa = PBXFileReference; lastKnownFileType = sourcecode.swift; path = SealScene.swift; sourceTree = "<group>"; };
		27CB5590264379E1009658DE /* SealMenu.swift */ = {isa = PBXFileReference; lastKnownFileType = sourcecode.swift; path = SealMenu.swift; sourceTree = "<group>"; };
		27CB559226437F0F009658DE /* Culture.swift */ = {isa = PBXFileReference; lastKnownFileType = sourcecode.swift; path = Culture.swift; sourceTree = "<group>"; };
		27CB559426437F18009658DE /* CultureView.swift */ = {isa = PBXFileReference; lastKnownFileType = sourcecode.swift; path = CultureView.swift; sourceTree = "<group>"; };
		27DDCFDA263D51B9008E36A2 /* Emoticon.swift */ = {isa = PBXFileReference; lastKnownFileType = sourcecode.swift; path = Emoticon.swift; sourceTree = "<group>"; };
		27DDCFDD263D5299008E36A2 /* EmoticonView.swift */ = {isa = PBXFileReference; lastKnownFileType = sourcecode.swift; path = EmoticonView.swift; sourceTree = "<group>"; };
		27DDCFE1263D841F008E36A2 /* snapshot.swift */ = {isa = PBXFileReference; lastKnownFileType = sourcecode.swift; path = snapshot.swift; sourceTree = "<group>"; };
		27E5BCD6263FEA13004C6C64 /* ExhibitionTab.swift */ = {isa = PBXFileReference; fileEncoding = 4; lastKnownFileType = sourcecode.swift; path = ExhibitionTab.swift; sourceTree = "<group>"; };
		27E5BCD8263FEA13004C6C64 /* ExhibitionView.swift */ = {isa = PBXFileReference; fileEncoding = 4; lastKnownFileType = sourcecode.swift; path = ExhibitionView.swift; sourceTree = "<group>"; };
		27E5BCD9263FEA13004C6C64 /* ExhibitionDetailView.swift */ = {isa = PBXFileReference; fileEncoding = 4; lastKnownFileType = sourcecode.swift; path = ExhibitionDetailView.swift; sourceTree = "<group>"; };
		27E5BCDA263FEA13004C6C64 /* ExhibitionScene.swift */ = {isa = PBXFileReference; fileEncoding = 4; lastKnownFileType = sourcecode.swift; path = ExhibitionScene.swift; sourceTree = "<group>"; };
		27E5BCDB263FEA13004C6C64 /* ExhibitionMenu.swift */ = {isa = PBXFileReference; fileEncoding = 4; lastKnownFileType = sourcecode.swift; path = ExhibitionMenu.swift; sourceTree = "<group>"; };
		27E5BCE3263FEA7C004C6C64 /* ExhibitionWorld.swift */ = {isa = PBXFileReference; lastKnownFileType = sourcecode.swift; path = ExhibitionWorld.swift; sourceTree = "<group>"; };
		27E5BCE5263FEF76004C6C64 /* ExhibitionDetailMenu.swift */ = {isa = PBXFileReference; lastKnownFileType = sourcecode.swift; path = ExhibitionDetailMenu.swift; sourceTree = "<group>"; };
		27E5BCEB2640082A004C6C64 /* EmoticonWorld.swift */ = {isa = PBXFileReference; lastKnownFileType = sourcecode.swift; path = EmoticonWorld.swift; sourceTree = "<group>"; };
		27E5BCED26400AEF004C6C64 /* EmoticonDetailView.swift */ = {isa = PBXFileReference; lastKnownFileType = sourcecode.swift; path = EmoticonDetailView.swift; sourceTree = "<group>"; };
		27E5BCEF26400BD6004C6C64 /* EmoticonTab.swift */ = {isa = PBXFileReference; lastKnownFileType = sourcecode.swift; path = EmoticonTab.swift; sourceTree = "<group>"; };
		27E5BCF126400DD3004C6C64 /* CustomScale.swift */ = {isa = PBXFileReference; lastKnownFileType = sourcecode.swift; path = CustomScale.swift; sourceTree = "<group>"; };
		27E5BCF826402D13004C6C64 /* 跳高台.gif */ = {isa = PBXFileReference; lastKnownFileType = image.gif; path = "跳高台.gif"; sourceTree = "<group>"; };
		27E5BCFA26402D1D004C6C64 /* 玩绣球.gif */ = {isa = PBXFileReference; lastKnownFileType = image.gif; path = "玩绣球.gif"; sourceTree = "<group>"; };
		27E5BCFC26402D28004C6C64 /* 梅花桩.gif */ = {isa = PBXFileReference; lastKnownFileType = image.gif; path = "梅花桩.gif"; sourceTree = "<group>"; };
		27E5BCFE26402D32004C6C64 /* 踩大球.gif */ = {isa = PBXFileReference; lastKnownFileType = image.gif; path = "踩大球.gif"; sourceTree = "<group>"; };
		27E5BD0026402D3B004C6C64 /* 踩高桌.gif */ = {isa = PBXFileReference; lastKnownFileType = image.gif; path = "踩高桌.gif"; sourceTree = "<group>"; };
		27E5BD032640306D004C6C64 /* NavigationMenu.swift */ = {isa = PBXFileReference; lastKnownFileType = sourcecode.swift; path = NavigationMenu.swift; sourceTree = "<group>"; };
		27E5BD0526403225004C6C64 /* NavigationWorld.swift */ = {isa = PBXFileReference; lastKnownFileType = sourcecode.swift; path = NavigationWorld.swift; sourceTree = "<group>"; };
		27E92461263F92C900ADBB81 /* Exhibition.swift */ = {isa = PBXFileReference; lastKnownFileType = sourcecode.swift; path = Exhibition.swift; sourceTree = "<group>"; };
		27F4E0C926423C8500BB0380 /* Organ.swift */ = {isa = PBXFileReference; lastKnownFileType = sourcecode.swift; path = Organ.swift; sourceTree = "<group>"; };
		27F4E0CB2642423400BB0380 /* DIYMenu.swift */ = {isa = PBXFileReference; lastKnownFileType = sourcecode.swift; path = DIYMenu.swift; sourceTree = "<group>"; };
		27F4E0CD26424ADD00BB0380 /* DIYWorld.swift */ = {isa = PBXFileReference; lastKnownFileType = sourcecode.swift; path = DIYWorld.swift; sourceTree = "<group>"; };
		27F4E0D026427C3E00BB0380 /* OrgansView.swift */ = {isa = PBXFileReference; lastKnownFileType = sourcecode.swift; path = OrgansView.swift; sourceTree = "<group>"; };
		27F4E0D226428C8B00BB0380 /* ShareView.swift */ = {isa = PBXFileReference; lastKnownFileType = sourcecode.swift; path = ShareView.swift; sourceTree = "<group>"; };
		27FA479D2638F4370041E79A /* Instrument.swift */ = {isa = PBXFileReference; lastKnownFileType = sourcecode.swift; path = Instrument.swift; sourceTree = "<group>"; };
		27FA47A22639060C0041E79A /* VerticalText.swift */ = {isa = PBXFileReference; lastKnownFileType = sourcecode.swift; path = VerticalText.swift; sourceTree = "<group>"; };
		27FA47A426390AC50041E79A /* Colors.swift */ = {isa = PBXFileReference; lastKnownFileType = sourcecode.swift; path = Colors.swift; sourceTree = "<group>"; };
/* End PBXFileReference section */

/* Begin PBXFrameworksBuildPhase section */
		27A00DAD262F1776001FF431 /* Frameworks */ = {
			isa = PBXFrameworksBuildPhase;
			buildActionMask = 2147483647;
			files = (
				274B32F3263E376A00E077C6 /* SwiftyGif in Frameworks */,
			);
			runOnlyForDeploymentPostprocessing = 0;
		};
/* End PBXFrameworksBuildPhase section */

/* Begin PBXGroup section */
		274B32F8263E3A7F00E077C6 /* Resource */ = {
			isa = PBXGroup;
			children = (
				27A00DB7262F1776001FF431 /* Assets.xcassets */,
				27E92463263FA99100ADBB81 /* Action */,
			);
			path = Resource;
			sourceTree = "<group>";
		};
		27A00DA7262F1776001FF431 = {
			isa = PBXGroup;
			children = (
				27A00DB2262F1776001FF431 /* DragonDancing */,
				27A00DB1262F1776001FF431 /* Products */,
			);
			sourceTree = "<group>";
		};
		27A00DB1262F1776001FF431 /* Products */ = {
			isa = PBXGroup;
			children = (
				27A00DB0262F1776001FF431 /* DragonDancing.app */,
			);
			name = Products;
			sourceTree = "<group>";
		};
		27A00DB2262F1776001FF431 /* DragonDancing */ = {
			isa = PBXGroup;
			children = (
				27A00DBC262F1776001FF431 /* Info.plist */,
				274B32F8263E3A7F00E077C6 /* Resource */,
				27FA47992638F35F0041E79A /* Bootstrap */,
				27FA47A626390D720041E79A /* Scene */,
				27A7EBB3262F2A280045FDAD /* UtilView */,
				27A00DB9262F1776001FF431 /* Preview Content */,
			);
			path = DragonDancing;
			sourceTree = "<group>";
		};
		27A00DB9262F1776001FF431 /* Preview Content */ = {
			isa = PBXGroup;
			children = (
				27A00DBA262F1776001FF431 /* Preview Assets.xcassets */,
			);
			path = "Preview Content";
			sourceTree = "<group>";
		};
		27A7EBB3262F2A280045FDAD /* UtilView */ = {
			isa = PBXGroup;
			children = (
				27FA47A22639060C0041E79A /* VerticalText.swift */,
				27FA47A426390AC50041E79A /* Colors.swift */,
				2795D4982639388E00DB2350 /* DotSlider.swift */,
				27DDCFE1263D841F008E36A2 /* snapshot.swift */,
				274B32F4263E391100E077C6 /* GIFImage.swift */,
				27E5BCF126400DD3004C6C64 /* CustomScale.swift */,
				27F4E0D226428C8B00BB0380 /* ShareView.swift */,
			);
			path = UtilView;
			sourceTree = "<group>";
		};
		27A99819264056F20067D4F1 /* Model */ = {
			isa = PBXGroup;
			children = (
				27F4E0C926423C8500BB0380 /* Organ.swift */,
			);
			path = Model;
			sourceTree = "<group>";
		};
		27BA229C2646341A007A2B9C /* OrganTab */ = {
			isa = PBXGroup;
			children = (
				27BA229826463080007A2B9C /* OrganTab.swift */,
				27F4E0D026427C3E00BB0380 /* OrgansView.swift */,
				27BA229E26463461007A2B9C /* OrgansColorView.swift */,
			);
			path = OrganTab;
			sourceTree = "<group>";
		};
		27BA229D26463421007A2B9C /* SealTab */ = {
			isa = PBXGroup;
			children = (
				27BA229A26463091007A2B9C /* SealTab.swift */,
			);
			path = SealTab;
			sourceTree = "<group>";
		};
		27CB55882643787A009658DE /* CultureScene */ = {
			isa = PBXGroup;
			children = (
				27CB559626437F1C009658DE /* Model */,
				27CB559726437F22009658DE /* View */,
			);
			path = CultureScene;
			sourceTree = "<group>";
		};
		27CB5589264378AF009658DE /* SealScene */ = {
			isa = PBXGroup;
			children = (
				27CB558E26437987009658DE /* SealScene.swift */,
				27CB5590264379E1009658DE /* SealMenu.swift */,
			);
			path = SealScene;
			sourceTree = "<group>";
		};
		27CB559626437F1C009658DE /* Model */ = {
			isa = PBXGroup;
			children = (
				27CB559226437F0F009658DE /* Culture.swift */,
			);
			path = Model;
			sourceTree = "<group>";
		};
		27CB559726437F22009658DE /* View */ = {
			isa = PBXGroup;
			children = (
				27CB558A26437928009658DE /* CultureScene.swift */,
				27CB558C26437937009658DE /* CultureMenu.swift */,
				27CB559826437F33009658DE /* ModelView */,
			);
			path = View;
			sourceTree = "<group>";
		};
		27CB559826437F33009658DE /* ModelView */ = {
			isa = PBXGroup;
			children = (
				27CB559426437F18009658DE /* CultureView.swift */,
			);
			path = ModelView;
			sourceTree = "<group>";
		};
		27E5BCD5263FEA13004C6C64 /* ExhibitionScene */ = {
			isa = PBXGroup;
			children = (
				27E5BCE3263FEA7C004C6C64 /* ExhibitionWorld.swift */,
				27E5BCE1263FEA1B004C6C64 /* Model */,
				27E5BCE2263FEA55004C6C64 /* View */,
			);
			path = ExhibitionScene;
			sourceTree = "<group>";
		};
		27E5BCD7263FEA13004C6C64 /* ModelView */ = {
			isa = PBXGroup;
			children = (
				27E5BCD8263FEA13004C6C64 /* ExhibitionView.swift */,
				27E5BCD9263FEA13004C6C64 /* ExhibitionDetailView.swift */,
			);
			path = ModelView;
			sourceTree = "<group>";
		};
		27E5BCE1263FEA1B004C6C64 /* Model */ = {
			isa = PBXGroup;
			children = (
				27E92461263F92C900ADBB81 /* Exhibition.swift */,
				27FA479D2638F4370041E79A /* Instrument.swift */,
				2723F34E263E913000AD303E /* Tool.swift */,
				2723F350263E914E00AD303E /* Lion.swift */,
			);
			path = Model;
			sourceTree = "<group>";
		};
		27E5BCE2263FEA55004C6C64 /* View */ = {
			isa = PBXGroup;
			children = (
				27E5BCDA263FEA13004C6C64 /* ExhibitionScene.swift */,
				27E5BCD6263FEA13004C6C64 /* ExhibitionTab.swift */,
				27E5BCDB263FEA13004C6C64 /* ExhibitionMenu.swift */,
				27E5BCE5263FEF76004C6C64 /* ExhibitionDetailMenu.swift */,
				27E5BCD7263FEA13004C6C64 /* ModelView */,
			);
			path = View;
			sourceTree = "<group>";
		};
		27E5BCE7263FFB14004C6C64 /* EmoticonScene */ = {
			isa = PBXGroup;
			children = (
				27E5BCEB2640082A004C6C64 /* EmoticonWorld.swift */,
				27E5BCE8263FFB61004C6C64 /* Model */,
				27E5BCEA2640080A004C6C64 /* View */,
			);
			path = EmoticonScene;
			sourceTree = "<group>";
		};
		27E5BCE8263FFB61004C6C64 /* Model */ = {
			isa = PBXGroup;
			children = (
				27DDCFDA263D51B9008E36A2 /* Emoticon.swift */,
			);
			path = Model;
			sourceTree = "<group>";
		};
		27E5BCE9264007BA004C6C64 /* ModelView */ = {
			isa = PBXGroup;
			children = (
				27DDCFDD263D5299008E36A2 /* EmoticonView.swift */,
				27E5BCED26400AEF004C6C64 /* EmoticonDetailView.swift */,
			);
			path = ModelView;
			sourceTree = "<group>";
		};
		27E5BCEA2640080A004C6C64 /* View */ = {
			isa = PBXGroup;
			children = (
				2795D4B526394F4C00DB2350 /* EmoticonScene.swift */,
				27E5BCEF26400BD6004C6C64 /* EmoticonTab.swift */,
				27E5BCE9264007BA004C6C64 /* ModelView */,
			);
			path = View;
			sourceTree = "<group>";
		};
		27E5BCF32640282E004C6C64 /* ActionScene */ = {
			isa = PBXGroup;
			children = (
				27E5BCF426402853004C6C64 /* Model */,
				27E5BCF526402859004C6C64 /* View */,
			);
			path = ActionScene;
			sourceTree = "<group>";
		};
		27E5BCF426402853004C6C64 /* Model */ = {
			isa = PBXGroup;
			children = (
				274B32FF263E463200E077C6 /* Action.swift */,
			);
			path = Model;
			sourceTree = "<group>";
		};
		27E5BCF526402859004C6C64 /* View */ = {
			isa = PBXGroup;
			children = (
				274B32FD263E460200E077C6 /* ActionScene.swift */,
				27A9981526404DEA0067D4F1 /* ActionTab.swift */,
				274B3301263E468D00E077C6 /* ActionView.swift */,
			);
			path = View;
			sourceTree = "<group>";
		};
		27E5BCF62640287F004C6C64 /* HomeScene */ = {
			isa = PBXGroup;
			children = (
				27A7EBB6262F2A550045FDAD /* HomeScene.swift */,
			);
			path = HomeScene;
			sourceTree = "<group>";
		};
		27E5BCF72640288F004C6C64 /* DIYScene */ = {
			isa = PBXGroup;
			children = (
				27F4E0CD26424ADD00BB0380 /* DIYWorld.swift */,
				27A99819264056F20067D4F1 /* Model */,
				27F4E0CF26425E6800BB0380 /* View */,
			);
			path = DIYScene;
			sourceTree = "<group>";
		};
		27E5BD0226402E2F004C6C64 /* Navigation */ = {
			isa = PBXGroup;
			children = (
				27E5BD0526403225004C6C64 /* NavigationWorld.swift */,
				27E5BD032640306D004C6C64 /* NavigationMenu.swift */,
			);
			path = Navigation;
			sourceTree = "<group>";
		};
		27E92463263FA99100ADBB81 /* Action */ = {
			isa = PBXGroup;
			children = (
				27E5BCF826402D13004C6C64 /* 跳高台.gif */,
				27E5BCFC26402D28004C6C64 /* 梅花桩.gif */,
				27E5BCFE26402D32004C6C64 /* 踩大球.gif */,
				27E5BCFA26402D1D004C6C64 /* 玩绣球.gif */,
				27E5BD0026402D3B004C6C64 /* 踩高桌.gif */,
			);
			path = Action;
			sourceTree = "<group>";
		};
		27F4E0CF26425E6800BB0380 /* View */ = {
			isa = PBXGroup;
			children = (
				274B32F9263E3D8D00E077C6 /* DIYScene.swift */,
				27F4E0CB2642423400BB0380 /* DIYMenu.swift */,
				27BA229C2646341A007A2B9C /* OrganTab */,
				27BA229D26463421007A2B9C /* SealTab */,
			);
			path = View;
			sourceTree = "<group>";
		};
		27FA47992638F35F0041E79A /* Bootstrap */ = {
			isa = PBXGroup;
			children = (
				27A00DB3262F1776001FF431 /* DragonDancingApp.swift */,
				27A00DB5262F1776001FF431 /* ContentView.swift */,
			);
			path = Bootstrap;
			sourceTree = "<group>";
		};
		27FA47A626390D720041E79A /* Scene */ = {
			isa = PBXGroup;
			children = (
				27E5BD0226402E2F004C6C64 /* Navigation */,
				27E5BCF62640287F004C6C64 /* HomeScene */,
				27E5BCF32640282E004C6C64 /* ActionScene */,
				27E5BCE7263FFB14004C6C64 /* EmoticonScene */,
				27E5BCD5263FEA13004C6C64 /* ExhibitionScene */,
				27CB55882643787A009658DE /* CultureScene */,
				27E5BCF72640288F004C6C64 /* DIYScene */,
				27CB5589264378AF009658DE /* SealScene */,
			);
			path = Scene;
			sourceTree = "<group>";
		};
/* End PBXGroup section */

/* Begin PBXNativeTarget section */
		27A00DAF262F1776001FF431 /* DragonDancing */ = {
			isa = PBXNativeTarget;
			buildConfigurationList = 27A00DBF262F1776001FF431 /* Build configuration list for PBXNativeTarget "DragonDancing" */;
			buildPhases = (
				27A00DAC262F1776001FF431 /* Sources */,
				27A00DAD262F1776001FF431 /* Frameworks */,
				27A00DAE262F1776001FF431 /* Resources */,
			);
			buildRules = (
			);
			dependencies = (
			);
			name = DragonDancing;
			packageProductDependencies = (
				274B32F2263E376A00E077C6 /* SwiftyGif */,
			);
			productName = DragonDancing;
			productReference = 27A00DB0262F1776001FF431 /* DragonDancing.app */;
			productType = "com.apple.product-type.application";
		};
/* End PBXNativeTarget section */

/* Begin PBXProject section */
		27A00DA8262F1776001FF431 /* Project object */ = {
			isa = PBXProject;
			attributes = {
				LastSwiftUpdateCheck = 1240;
				LastUpgradeCheck = 1240;
				TargetAttributes = {
					27A00DAF262F1776001FF431 = {
						CreatedOnToolsVersion = 12.4;
					};
				};
			};
			buildConfigurationList = 27A00DAB262F1776001FF431 /* Build configuration list for PBXProject "DragonDancing" */;
			compatibilityVersion = "Xcode 9.3";
			developmentRegion = en;
			hasScannedForEncodings = 0;
			knownRegions = (
				en,
				Base,
			);
			mainGroup = 27A00DA7262F1776001FF431;
			packageReferences = (
				274B32F1263E376A00E077C6 /* XCRemoteSwiftPackageReference "SwiftyGif" */,
			);
			productRefGroup = 27A00DB1262F1776001FF431 /* Products */;
			projectDirPath = "";
			projectRoot = "";
			targets = (
				27A00DAF262F1776001FF431 /* DragonDancing */,
			);
		};
/* End PBXProject section */

/* Begin PBXResourcesBuildPhase section */
		27A00DAE262F1776001FF431 /* Resources */ = {
			isa = PBXResourcesBuildPhase;
			buildActionMask = 2147483647;
			files = (
				27E5BCFF26402D32004C6C64 /* 踩大球.gif in Resources */,
				27E5BCFD26402D28004C6C64 /* 梅花桩.gif in Resources */,
				27E5BCF926402D13004C6C64 /* 跳高台.gif in Resources */,
				27E5BD0126402D3B004C6C64 /* 踩高桌.gif in Resources */,
				27A00DBB262F1776001FF431 /* Preview Assets.xcassets in Resources */,
				27E5BCFB26402D1D004C6C64 /* 玩绣球.gif in Resources */,
				27A00DB8262F1776001FF431 /* Assets.xcassets in Resources */,
			);
			runOnlyForDeploymentPostprocessing = 0;
		};
/* End PBXResourcesBuildPhase section */

/* Begin PBXSourcesBuildPhase section */
		27A00DAC262F1776001FF431 /* Sources */ = {
			isa = PBXSourcesBuildPhase;
			buildActionMask = 2147483647;
			files = (
				27BA229F26463461007A2B9C /* OrgansColorView.swift in Sources */,
				27CB559326437F0F009658DE /* Culture.swift in Sources */,
				27E5BCDC263FEA13004C6C64 /* ExhibitionTab.swift in Sources */,
				27FA47A526390AC50041E79A /* Colors.swift in Sources */,
				274B32F5263E391100E077C6 /* GIFImage.swift in Sources */,
				27A9981626404DEA0067D4F1 /* ActionTab.swift in Sources */,
				2723F34F263E913000AD303E /* Tool.swift in Sources */,
				274B3300263E463200E077C6 /* Action.swift in Sources */,
				27CB559526437F18009658DE /* CultureView.swift in Sources */,
				27E5BCDE263FEA13004C6C64 /* ExhibitionDetailView.swift in Sources */,
				27CB558F26437987009658DE /* SealScene.swift in Sources */,
				27F4E0CE26424ADD00BB0380 /* DIYWorld.swift in Sources */,
				27FA479E2638F4370041E79A /* Instrument.swift in Sources */,
				27E5BCF026400BD6004C6C64 /* EmoticonTab.swift in Sources */,
				27A00DB6262F1776001FF431 /* ContentView.swift in Sources */,
				27E5BCEC2640082A004C6C64 /* EmoticonWorld.swift in Sources */,
				27A7EBB7262F2A550045FDAD /* HomeScene.swift in Sources */,
				27CB558D26437937009658DE /* CultureMenu.swift in Sources */,
				27A00DB4262F1776001FF431 /* DragonDancingApp.swift in Sources */,
				27F4E0CA26423C8500BB0380 /* Organ.swift in Sources */,
				27FA47A32639060C0041E79A /* VerticalText.swift in Sources */,
				274B32FA263E3D8D00E077C6 /* DIYScene.swift in Sources */,
				27E5BCDF263FEA13004C6C64 /* ExhibitionScene.swift in Sources */,
				27BA229B26463091007A2B9C /* SealTab.swift in Sources */,
				274B3302263E468D00E077C6 /* ActionView.swift in Sources */,
				27CB5591264379E1009658DE /* SealMenu.swift in Sources */,
				27E5BCE0263FEA13004C6C64 /* ExhibitionMenu.swift in Sources */,
				27E5BCF226400DD3004C6C64 /* CustomScale.swift in Sources */,
				27E5BD0626403225004C6C64 /* NavigationWorld.swift in Sources */,
				27DDCFDB263D51B9008E36A2 /* Emoticon.swift in Sources */,
				27E5BD042640306D004C6C64 /* NavigationMenu.swift in Sources */,
				27F4E0D126427C3E00BB0380 /* OrgansView.swift in Sources */,
				27E5BCEE26400AEF004C6C64 /* EmoticonDetailView.swift in Sources */,
				2795D4992639388E00DB2350 /* DotSlider.swift in Sources */,
				2795D4B626394F4C00DB2350 /* EmoticonScene.swift in Sources */,
				27E5BCDD263FEA13004C6C64 /* ExhibitionView.swift in Sources */,
				2723F351263E914E00AD303E /* Lion.swift in Sources */,
				27E5BCE6263FEF76004C6C64 /* ExhibitionDetailMenu.swift in Sources */,
				27F4E0CC2642423400BB0380 /* DIYMenu.swift in Sources */,
				27BA229926463080007A2B9C /* OrganTab.swift in Sources */,
				27E92462263F92C900ADBB81 /* Exhibition.swift in Sources */,
				274B32FE263E460200E077C6 /* ActionScene.swift in Sources */,
				27DDCFDE263D5299008E36A2 /* EmoticonView.swift in Sources */,
				27DDCFE2263D841F008E36A2 /* snapshot.swift in Sources */,
				27F4E0D326428C8B00BB0380 /* ShareView.swift in Sources */,
				27CB558B26437928009658DE /* CultureScene.swift in Sources */,
				27E5BCE4263FEA7C004C6C64 /* ExhibitionWorld.swift in Sources */,
			);
			runOnlyForDeploymentPostprocessing = 0;
		};
/* End PBXSourcesBuildPhase section */

/* Begin XCBuildConfiguration section */
		27A00DBD262F1776001FF431 /* Debug */ = {
			isa = XCBuildConfiguration;
			buildSettings = {
				ALWAYS_SEARCH_USER_PATHS = NO;
				CLANG_ANALYZER_NONNULL = YES;
				CLANG_ANALYZER_NUMBER_OBJECT_CONVERSION = YES_AGGRESSIVE;
				CLANG_CXX_LANGUAGE_STANDARD = "gnu++14";
				CLANG_CXX_LIBRARY = "libc++";
				CLANG_ENABLE_MODULES = YES;
				CLANG_ENABLE_OBJC_ARC = YES;
				CLANG_ENABLE_OBJC_WEAK = YES;
				CLANG_WARN_BLOCK_CAPTURE_AUTORELEASING = YES;
				CLANG_WARN_BOOL_CONVERSION = YES;
				CLANG_WARN_COMMA = YES;
				CLANG_WARN_CONSTANT_CONVERSION = YES;
				CLANG_WARN_DEPRECATED_OBJC_IMPLEMENTATIONS = YES;
				CLANG_WARN_DIRECT_OBJC_ISA_USAGE = YES_ERROR;
				CLANG_WARN_DOCUMENTATION_COMMENTS = YES;
				CLANG_WARN_EMPTY_BODY = YES;
				CLANG_WARN_ENUM_CONVERSION = YES;
				CLANG_WARN_INFINITE_RECURSION = YES;
				CLANG_WARN_INT_CONVERSION = YES;
				CLANG_WARN_NON_LITERAL_NULL_CONVERSION = YES;
				CLANG_WARN_OBJC_IMPLICIT_RETAIN_SELF = YES;
				CLANG_WARN_OBJC_LITERAL_CONVERSION = YES;
				CLANG_WARN_OBJC_ROOT_CLASS = YES_ERROR;
				CLANG_WARN_QUOTED_INCLUDE_IN_FRAMEWORK_HEADER = YES;
				CLANG_WARN_RANGE_LOOP_ANALYSIS = YES;
				CLANG_WARN_STRICT_PROTOTYPES = YES;
				CLANG_WARN_SUSPICIOUS_MOVE = YES;
				CLANG_WARN_UNGUARDED_AVAILABILITY = YES_AGGRESSIVE;
				CLANG_WARN_UNREACHABLE_CODE = YES;
				CLANG_WARN__DUPLICATE_METHOD_MATCH = YES;
				COPY_PHASE_STRIP = NO;
				DEBUG_INFORMATION_FORMAT = dwarf;
				ENABLE_STRICT_OBJC_MSGSEND = YES;
				ENABLE_TESTABILITY = YES;
				GCC_C_LANGUAGE_STANDARD = gnu11;
				GCC_DYNAMIC_NO_PIC = NO;
				GCC_NO_COMMON_BLOCKS = YES;
				GCC_OPTIMIZATION_LEVEL = 0;
				GCC_PREPROCESSOR_DEFINITIONS = (
					"DEBUG=1",
					"$(inherited)",
				);
				GCC_WARN_64_TO_32_BIT_CONVERSION = YES;
				GCC_WARN_ABOUT_RETURN_TYPE = YES_ERROR;
				GCC_WARN_UNDECLARED_SELECTOR = YES;
				GCC_WARN_UNINITIALIZED_AUTOS = YES_AGGRESSIVE;
				GCC_WARN_UNUSED_FUNCTION = YES;
				GCC_WARN_UNUSED_VARIABLE = YES;
				IPHONEOS_DEPLOYMENT_TARGET = 14.4;
				MTL_ENABLE_DEBUG_INFO = INCLUDE_SOURCE;
				MTL_FAST_MATH = YES;
				ONLY_ACTIVE_ARCH = YES;
				SDKROOT = iphoneos;
				SWIFT_ACTIVE_COMPILATION_CONDITIONS = DEBUG;
				SWIFT_OPTIMIZATION_LEVEL = "-Onone";
			};
			name = Debug;
		};
		27A00DBE262F1776001FF431 /* Release */ = {
			isa = XCBuildConfiguration;
			buildSettings = {
				ALWAYS_SEARCH_USER_PATHS = NO;
				CLANG_ANALYZER_NONNULL = YES;
				CLANG_ANALYZER_NUMBER_OBJECT_CONVERSION = YES_AGGRESSIVE;
				CLANG_CXX_LANGUAGE_STANDARD = "gnu++14";
				CLANG_CXX_LIBRARY = "libc++";
				CLANG_ENABLE_MODULES = YES;
				CLANG_ENABLE_OBJC_ARC = YES;
				CLANG_ENABLE_OBJC_WEAK = YES;
				CLANG_WARN_BLOCK_CAPTURE_AUTORELEASING = YES;
				CLANG_WARN_BOOL_CONVERSION = YES;
				CLANG_WARN_COMMA = YES;
				CLANG_WARN_CONSTANT_CONVERSION = YES;
				CLANG_WARN_DEPRECATED_OBJC_IMPLEMENTATIONS = YES;
				CLANG_WARN_DIRECT_OBJC_ISA_USAGE = YES_ERROR;
				CLANG_WARN_DOCUMENTATION_COMMENTS = YES;
				CLANG_WARN_EMPTY_BODY = YES;
				CLANG_WARN_ENUM_CONVERSION = YES;
				CLANG_WARN_INFINITE_RECURSION = YES;
				CLANG_WARN_INT_CONVERSION = YES;
				CLANG_WARN_NON_LITERAL_NULL_CONVERSION = YES;
				CLANG_WARN_OBJC_IMPLICIT_RETAIN_SELF = YES;
				CLANG_WARN_OBJC_LITERAL_CONVERSION = YES;
				CLANG_WARN_OBJC_ROOT_CLASS = YES_ERROR;
				CLANG_WARN_QUOTED_INCLUDE_IN_FRAMEWORK_HEADER = YES;
				CLANG_WARN_RANGE_LOOP_ANALYSIS = YES;
				CLANG_WARN_STRICT_PROTOTYPES = YES;
				CLANG_WARN_SUSPICIOUS_MOVE = YES;
				CLANG_WARN_UNGUARDED_AVAILABILITY = YES_AGGRESSIVE;
				CLANG_WARN_UNREACHABLE_CODE = YES;
				CLANG_WARN__DUPLICATE_METHOD_MATCH = YES;
				COPY_PHASE_STRIP = NO;
				DEBUG_INFORMATION_FORMAT = "dwarf-with-dsym";
				ENABLE_NS_ASSERTIONS = NO;
				ENABLE_STRICT_OBJC_MSGSEND = YES;
				GCC_C_LANGUAGE_STANDARD = gnu11;
				GCC_NO_COMMON_BLOCKS = YES;
				GCC_WARN_64_TO_32_BIT_CONVERSION = YES;
				GCC_WARN_ABOUT_RETURN_TYPE = YES_ERROR;
				GCC_WARN_UNDECLARED_SELECTOR = YES;
				GCC_WARN_UNINITIALIZED_AUTOS = YES_AGGRESSIVE;
				GCC_WARN_UNUSED_FUNCTION = YES;
				GCC_WARN_UNUSED_VARIABLE = YES;
				IPHONEOS_DEPLOYMENT_TARGET = 14.4;
				MTL_ENABLE_DEBUG_INFO = NO;
				MTL_FAST_MATH = YES;
				SDKROOT = iphoneos;
				SWIFT_COMPILATION_MODE = wholemodule;
				SWIFT_OPTIMIZATION_LEVEL = "-O";
				VALIDATE_PRODUCT = YES;
			};
			name = Release;
		};
		27A00DC0262F1776001FF431 /* Debug */ = {
			isa = XCBuildConfiguration;
			buildSettings = {
				ASSETCATALOG_COMPILER_APPICON_NAME = AppIcon;
				ASSETCATALOG_COMPILER_GLOBAL_ACCENT_COLOR_NAME = AccentColor;
				CODE_SIGN_STYLE = Automatic;
				DEVELOPMENT_ASSET_PATHS = "\"DragonDancing/Preview Content\"";
				DEVELOPMENT_TEAM = VB7MJ8R223;
				ENABLE_PREVIEWS = YES;
				INFOPLIST_FILE = DragonDancing/Info.plist;
				IPHONEOS_DEPLOYMENT_TARGET = 14.5;
				LD_RUNPATH_SEARCH_PATHS = (
					"$(inherited)",
					"@executable_path/Frameworks",
				);
				PRODUCT_BUNDLE_IDENTIFIER = top.kyleye.DragonDancing;
				PRODUCT_NAME = "$(TARGET_NAME)";
				SWIFT_VERSION = 5.0;
				TARGETED_DEVICE_FAMILY = 2;
			};
			name = Debug;
		};
		27A00DC1262F1776001FF431 /* Release */ = {
			isa = XCBuildConfiguration;
			buildSettings = {
				ASSETCATALOG_COMPILER_APPICON_NAME = AppIcon;
				ASSETCATALOG_COMPILER_GLOBAL_ACCENT_COLOR_NAME = AccentColor;
				CODE_SIGN_STYLE = Automatic;
				DEVELOPMENT_ASSET_PATHS = "\"DragonDancing/Preview Content\"";
				DEVELOPMENT_TEAM = VB7MJ8R223;
				ENABLE_PREVIEWS = YES;
				INFOPLIST_FILE = DragonDancing/Info.plist;
				IPHONEOS_DEPLOYMENT_TARGET = 14.5;
				LD_RUNPATH_SEARCH_PATHS = (
					"$(inherited)",
					"@executable_path/Frameworks",
				);
				PRODUCT_BUNDLE_IDENTIFIER = top.kyleye.DragonDancing;
				PRODUCT_NAME = "$(TARGET_NAME)";
				SWIFT_VERSION = 5.0;
				TARGETED_DEVICE_FAMILY = 2;
			};
			name = Release;
		};
/* End XCBuildConfiguration section */

/* Begin XCConfigurationList section */
		27A00DAB262F1776001FF431 /* Build configuration list for PBXProject "DragonDancing" */ = {
			isa = XCConfigurationList;
			buildConfigurations = (
				27A00DBD262F1776001FF431 /* Debug */,
				27A00DBE262F1776001FF431 /* Release */,
			);
			defaultConfigurationIsVisible = 0;
			defaultConfigurationName = Release;
		};
		27A00DBF262F1776001FF431 /* Build configuration list for PBXNativeTarget "DragonDancing" */ = {
			isa = XCConfigurationList;
			buildConfigurations = (
				27A00DC0262F1776001FF431 /* Debug */,
				27A00DC1262F1776001FF431 /* Release */,
			);
			defaultConfigurationIsVisible = 0;
			defaultConfigurationName = Release;
		};
/* End XCConfigurationList section */

/* Begin XCRemoteSwiftPackageReference section */
		274B32F1263E376A00E077C6 /* XCRemoteSwiftPackageReference "SwiftyGif" */ = {
			isa = XCRemoteSwiftPackageReference;
			repositoryURL = "https://github.com/kirualex/SwiftyGif.git";
			requirement = {
				kind = upToNextMajorVersion;
				minimumVersion = 5.4.0;
			};
		};
/* End XCRemoteSwiftPackageReference section */

/* Begin XCSwiftPackageProductDependency section */
		274B32F2263E376A00E077C6 /* SwiftyGif */ = {
			isa = XCSwiftPackageProductDependency;
			package = 274B32F1263E376A00E077C6 /* XCRemoteSwiftPackageReference "SwiftyGif" */;
			productName = SwiftyGif;
		};
/* End XCSwiftPackageProductDependency section */
	};
	rootObject = 27A00DA8262F1776001FF431 /* Project object */;
}
